// !$*UTF8*$!
{
	archiveVersion = 1;
	classes = {
	};
	objectVersion = 50;
	objects = {

/* Begin PBXBuildFile section */
		842F9A3025A9EF04007ABA92 /* Squiggle.swift in Sources */ = {isa = PBXBuildFile; fileRef = 842F9A2F25A9EF04007ABA92 /* Squiggle.swift */; };
		842F9A3325AB4482007ABA92 /* RotationTransition.swift in Sources */ = {isa = PBXBuildFile; fileRef = 842F9A3225AB4482007ABA92 /* RotationTransition.swift */; };
		842F9A3625ABC570007ABA92 /* StripedShape.swift in Sources */ = {isa = PBXBuildFile; fileRef = 842F9A3525ABC56D007ABA92 /* StripedShape.swift */; };
		8451C18A2589F140006ED99E /* Game_of_SETApp.swift in Sources */ = {isa = PBXBuildFile; fileRef = 8451C1772589F13D006ED99E /* Game_of_SETApp.swift */; };
		8451C18C2589F140006ED99E /* GameOfSetView.swift in Sources */ = {isa = PBXBuildFile; fileRef = 8451C1782589F13D006ED99E /* GameOfSetView.swift */; };
		8451C18E2589F140006ED99E /* Assets.xcassets in Resources */ = {isa = PBXBuildFile; fileRef = 8451C1792589F140006ED99E /* Assets.xcassets */; };
		8451C19F2589F1C2006ED99E /* GridLayout.swift in Sources */ = {isa = PBXBuildFile; fileRef = 8451C19C2589F1C2006ED99E /* GridLayout.swift */; };
		8451C1A12589F1C2006ED99E /* Grid.swift in Sources */ = {isa = PBXBuildFile; fileRef = 8451C19D2589F1C2006ED99E /* Grid.swift */; };
		8451C1A32589F1C3006ED99E /* Cardify.swift in Sources */ = {isa = PBXBuildFile; fileRef = 8451C19E2589F1C2006ED99E /* Cardify.swift */; };
		8451C1A82589F21F006ED99E /* Array+Identifiable.swift in Sources */ = {isa = PBXBuildFile; fileRef = 8451C1A72589F21F006ED99E /* Array+Identifiable.swift */; };
		8451C1AD2589F2AB006ED99E /* SetGame.swift in Sources */ = {isa = PBXBuildFile; fileRef = 8451C1AC2589F2AB006ED99E /* SetGame.swift */; };
		845C0771258AC3F00064C35E /* SetGameProvider.swift in Sources */ = {isa = PBXBuildFile; fileRef = 845C0770258AC3F00064C35E /* SetGameProvider.swift */; };
		845C0792258D6A1E0064C35E /* Array+Equatable.swift in Sources */ = {isa = PBXBuildFile; fileRef = 845C0791258D6A1E0064C35E /* Array+Equatable.swift */; };
		845C0795258E05330064C35E /* Array+Hashable.swift in Sources */ = {isa = PBXBuildFile; fileRef = 845C0794258E05330064C35E /* Array+Hashable.swift */; };
		846266922597A23E0078A023 /* Diamond.swift in Sources */ = {isa = PBXBuildFile; fileRef = 846266912597A23E0078A023 /* Diamond.swift */; };
/* End PBXBuildFile section */

/* Begin PBXFileReference section */
		842F9A2F25A9EF04007ABA92 /* Squiggle.swift */ = {isa = PBXFileReference; lastKnownFileType = sourcecode.swift; path = Squiggle.swift; sourceTree = "<group>"; };
		842F9A3225AB4482007ABA92 /* RotationTransition.swift */ = {isa = PBXFileReference; lastKnownFileType = sourcecode.swift; path = RotationTransition.swift; sourceTree = "<group>"; };
		842F9A3525ABC56D007ABA92 /* StripedShape.swift */ = {isa = PBXFileReference; lastKnownFileType = sourcecode.swift; path = StripedShape.swift; sourceTree = "<group>"; };
		8451C1772589F13D006ED99E /* Game_of_SETApp.swift */ = {isa = PBXFileReference; lastKnownFileType = sourcecode.swift; path = Game_of_SETApp.swift; sourceTree = "<group>"; };
		8451C1782589F13D006ED99E /* GameOfSetView.swift */ = {isa = PBXFileReference; lastKnownFileType = sourcecode.swift; path = GameOfSetView.swift; sourceTree = "<group>"; };
		8451C1792589F140006ED99E /* Assets.xcassets */ = {isa = PBXFileReference; lastKnownFileType = folder.assetcatalog; path = Assets.xcassets; sourceTree = "<group>"; };
		8451C17E2589F140006ED99E /* Game of SET.app */ = {isa = PBXFileReference; explicitFileType = wrapper.application; includeInIndex = 0; path = "Game of SET.app"; sourceTree = BUILT_PRODUCTS_DIR; };
		8451C1812589F140006ED99E /* Info.plist */ = {isa = PBXFileReference; lastKnownFileType = text.plist.xml; path = Info.plist; sourceTree = "<group>"; };
		8451C19C2589F1C2006ED99E /* GridLayout.swift */ = {isa = PBXFileReference; fileEncoding = 4; lastKnownFileType = sourcecode.swift; path = GridLayout.swift; sourceTree = "<group>"; };
		8451C19D2589F1C2006ED99E /* Grid.swift */ = {isa = PBXFileReference; fileEncoding = 4; lastKnownFileType = sourcecode.swift; path = Grid.swift; sourceTree = "<group>"; };
		8451C19E2589F1C2006ED99E /* Cardify.swift */ = {isa = PBXFileReference; fileEncoding = 4; lastKnownFileType = sourcecode.swift; path = Cardify.swift; sourceTree = "<group>"; };
		8451C1A72589F21F006ED99E /* Array+Identifiable.swift */ = {isa = PBXFileReference; fileEncoding = 4; lastKnownFileType = sourcecode.swift; path = "Array+Identifiable.swift"; sourceTree = "<group>"; };
		8451C1AC2589F2AB006ED99E /* SetGame.swift */ = {isa = PBXFileReference; lastKnownFileType = sourcecode.swift; path = SetGame.swift; sourceTree = "<group>"; };
		845C0770258AC3F00064C35E /* SetGameProvider.swift */ = {isa = PBXFileReference; lastKnownFileType = sourcecode.swift; path = SetGameProvider.swift; sourceTree = "<group>"; };
		845C0791258D6A1E0064C35E /* Array+Equatable.swift */ = {isa = PBXFileReference; lastKnownFileType = sourcecode.swift; path = "Array+Equatable.swift"; sourceTree = "<group>"; };
		845C0794258E05330064C35E /* Array+Hashable.swift */ = {isa = PBXFileReference; lastKnownFileType = sourcecode.swift; path = "Array+Hashable.swift"; sourceTree = "<group>"; };
		846266912597A23E0078A023 /* Diamond.swift */ = {isa = PBXFileReference; lastKnownFileType = sourcecode.swift; path = Diamond.swift; sourceTree = "<group>"; };
/* End PBXFileReference section */

/* Begin PBXFrameworksBuildPhase section */
		8451C17B2589F140006ED99E /* Frameworks */ = {
			isa = PBXFrameworksBuildPhase;
			buildActionMask = 2147483647;
			files = (
			);
			runOnlyForDeploymentPostprocessing = 0;
		};
/* End PBXFrameworksBuildPhase section */

/* Begin PBXGroup section */
		8451C1712589F13D006ED99E = {
			isa = PBXGroup;
			children = (
				8451C1762589F13D006ED99E /* Shared */,
				8451C1802589F140006ED99E /* iOS */,
				8451C17F2589F140006ED99E /* Products */,
			);
			sourceTree = "<group>";
		};
		8451C1762589F13D006ED99E /* Shared */ = {
			isa = PBXGroup;
			children = (
				8451C1782589F13D006ED99E /* GameOfSetView.swift */,
				845C0770258AC3F00064C35E /* SetGameProvider.swift */,
				8451C1AC2589F2AB006ED99E /* SetGame.swift */,
				842F9A3225AB4482007ABA92 /* RotationTransition.swift */,
				842F9A3525ABC56D007ABA92 /* StripedShape.swift */,
				842F9A2F25A9EF04007ABA92 /* Squiggle.swift */,
				8451C1A72589F21F006ED99E /* Array+Identifiable.swift */,
				845C0791258D6A1E0064C35E /* Array+Equatable.swift */,
				845C0794258E05330064C35E /* Array+Hashable.swift */,
				8451C19E2589F1C2006ED99E /* Cardify.swift */,
				846266912597A23E0078A023 /* Diamond.swift */,
				8451C19D2589F1C2006ED99E /* Grid.swift */,
				8451C19C2589F1C2006ED99E /* GridLayout.swift */,
				8451C1772589F13D006ED99E /* Game_of_SETApp.swift */,
				8451C1792589F140006ED99E /* Assets.xcassets */,
			);
			path = Shared;
			sourceTree = "<group>";
		};
		8451C17F2589F140006ED99E /* Products */ = {
			isa = PBXGroup;
			children = (
				8451C17E2589F140006ED99E /* Game of SET.app */,
			);
			name = Products;
			sourceTree = "<group>";
		};
		8451C1802589F140006ED99E /* iOS */ = {
			isa = PBXGroup;
			children = (
				8451C1812589F140006ED99E /* Info.plist */,
			);
			path = iOS;
			sourceTree = "<group>";
		};
/* End PBXGroup section */

/* Begin PBXNativeTarget section */
		8451C17D2589F140006ED99E /* Game of SET (iOS) */ = {
			isa = PBXNativeTarget;
			buildConfigurationList = 8451C1922589F140006ED99E /* Build configuration list for PBXNativeTarget "Game of SET (iOS)" */;
			buildPhases = (
				8451C17A2589F140006ED99E /* Sources */,
				8451C17B2589F140006ED99E /* Frameworks */,
				8451C17C2589F140006ED99E /* Resources */,
			);
			buildRules = (
			);
			dependencies = (
			);
			name = "Game of SET (iOS)";
			productName = "Game of SET (iOS)";
			productReference = 8451C17E2589F140006ED99E /* Game of SET.app */;
			productType = "com.apple.product-type.application";
		};
/* End PBXNativeTarget section */

/* Begin PBXProject section */
		8451C1722589F13D006ED99E /* Project object */ = {
			isa = PBXProject;
			attributes = {
				LastSwiftUpdateCheck = 1220;
				LastUpgradeCheck = 1220;
				TargetAttributes = {
					8451C17D2589F140006ED99E = {
						CreatedOnToolsVersion = 12.2;
					};
				};
			};
			buildConfigurationList = 8451C1752589F13D006ED99E /* Build configuration list for PBXProject "Game of SET" */;
			compatibilityVersion = "Xcode 9.3";
			developmentRegion = en;
			hasScannedForEncodings = 0;
			knownRegions = (
				en,
				Base,
			);
			mainGroup = 8451C1712589F13D006ED99E;
			productRefGroup = 8451C17F2589F140006ED99E /* Products */;
			projectDirPath = "";
			projectRoot = "";
			targets = (
				8451C17D2589F140006ED99E /* Game of SET (iOS) */,
			);
		};
/* End PBXProject section */

/* Begin PBXResourcesBuildPhase section */
		8451C17C2589F140006ED99E /* Resources */ = {
			isa = PBXResourcesBuildPhase;
			buildActionMask = 2147483647;
			files = (
				8451C18E2589F140006ED99E /* Assets.xcassets in Resources */,
			);
			runOnlyForDeploymentPostprocessing = 0;
		};
/* End PBXResourcesBuildPhase section */

/* Begin PBXSourcesBuildPhase section */
		8451C17A2589F140006ED99E /* Sources */ = {
			isa = PBXSourcesBuildPhase;
			buildActionMask = 2147483647;
			files = (
				842F9A3625ABC570007ABA92 /* StripedShape.swift in Sources */,
				8451C19F2589F1C2006ED99E /* GridLayout.swift in Sources */,
				845C0771258AC3F00064C35E /* SetGameProvider.swift in Sources */,
				8451C18C2589F140006ED99E /* GameOfSetView.swift in Sources */,
				8451C18A2589F140006ED99E /* Game_of_SETApp.swift in Sources */,
				845C0792258D6A1E0064C35E /* Array+Equatable.swift in Sources */,
				8451C1A32589F1C3006ED99E /* Cardify.swift in Sources */,
				842F9A3025A9EF04007ABA92 /* Squiggle.swift in Sources */,
				842F9A3325AB4482007ABA92 /* RotationTransition.swift in Sources */,
				8451C1A12589F1C2006ED99E /* Grid.swift in Sources */,
				8451C1A82589F21F006ED99E /* Array+Identifiable.swift in Sources */,
				8451C1AD2589F2AB006ED99E /* SetGame.swift in Sources */,
				845C0795258E05330064C35E /* Array+Hashable.swift in Sources */,
				846266922597A23E0078A023 /* Diamond.swift in Sources */,
			);
			runOnlyForDeploymentPostprocessing = 0;
		};
/* End PBXSourcesBuildPhase section */

/* Begin XCBuildConfiguration section */
		8451C1902589F140006ED99E /* Debug */ = {
			isa = XCBuildConfiguration;
			buildSettings = {
				ALWAYS_SEARCH_USER_PATHS = NO;
				CLANG_ANALYZER_NONNULL = YES;
				CLANG_ANALYZER_NUMBER_OBJECT_CONVERSION = YES_AGGRESSIVE;
				CLANG_CXX_LANGUAGE_STANDARD = "gnu++14";
				CLANG_CXX_LIBRARY = "libc++";
				CLANG_ENABLE_MODULES = YES;
				CLANG_ENABLE_OBJC_ARC = YES;
				CLANG_ENABLE_OBJC_WEAK = YES;
				CLANG_WARN_BLOCK_CAPTURE_AUTORELEASING = YES;
				CLANG_WARN_BOOL_CONVERSION = YES;
				CLANG_WARN_COMMA = YES;
				CLANG_WARN_CONSTANT_CONVERSION = YES;
				CLANG_WARN_DEPRECATED_OBJC_IMPLEMENTATIONS = YES;
				CLANG_WARN_DIRECT_OBJC_ISA_USAGE = YES_ERROR;
				CLANG_WARN_DOCUMENTATION_COMMENTS = YES;
				CLANG_WARN_EMPTY_BODY = YES;
				CLANG_WARN_ENUM_CONVERSION = YES;
				CLANG_WARN_INFINITE_RECURSION = YES;
				CLANG_WARN_INT_CONVERSION = YES;
				CLANG_WARN_NON_LITERAL_NULL_CONVERSION = YES;
				CLANG_WARN_OBJC_IMPLICIT_RETAIN_SELF = YES;
				CLANG_WARN_OBJC_LITERAL_CONVERSION = YES;
				CLANG_WARN_OBJC_ROOT_CLASS = YES_ERROR;
				CLANG_WARN_QUOTED_INCLUDE_IN_FRAMEWORK_HEADER = YES;
				CLANG_WARN_RANGE_LOOP_ANALYSIS = YES;
				CLANG_WARN_STRICT_PROTOTYPES = YES;
				CLANG_WARN_SUSPICIOUS_MOVE = YES;
				CLANG_WARN_UNGUARDED_AVAILABILITY = YES_AGGRESSIVE;
				CLANG_WARN_UNREACHABLE_CODE = YES;
				CLANG_WARN__DUPLICATE_METHOD_MATCH = YES;
				COPY_PHASE_STRIP = NO;
				DEBUG_INFORMATION_FORMAT = dwarf;
				ENABLE_STRICT_OBJC_MSGSEND = YES;
				ENABLE_TESTABILITY = YES;
				GCC_C_LANGUAGE_STANDARD = gnu11;
				GCC_DYNAMIC_NO_PIC = NO;
				GCC_NO_COMMON_BLOCKS = YES;
				GCC_OPTIMIZATION_LEVEL = 0;
				GCC_PREPROCESSOR_DEFINITIONS = (
					"DEBUG=1",
					"$(inherited)",
				);
				GCC_WARN_64_TO_32_BIT_CONVERSION = YES;
				GCC_WARN_ABOUT_RETURN_TYPE = YES_ERROR;
				GCC_WARN_UNDECLARED_SELECTOR = YES;
				GCC_WARN_UNINITIALIZED_AUTOS = YES_AGGRESSIVE;
				GCC_WARN_UNUSED_FUNCTION = YES;
				GCC_WARN_UNUSED_VARIABLE = YES;
				MTL_ENABLE_DEBUG_INFO = INCLUDE_SOURCE;
				MTL_FAST_MATH = YES;
				ONLY_ACTIVE_ARCH = YES;
				SWIFT_ACTIVE_COMPILATION_CONDITIONS = DEBUG;
				SWIFT_OPTIMIZATION_LEVEL = "-Onone";
			};
			name = Debug;
		};
		8451C1912589F140006ED99E /* Release */ = {
			isa = XCBuildConfiguration;
			buildSettings = {
				ALWAYS_SEARCH_USER_PATHS = NO;
				CLANG_ANALYZER_NONNULL = YES;
				CLANG_ANALYZER_NUMBER_OBJECT_CONVERSION = YES_AGGRESSIVE;
				CLANG_CXX_LANGUAGE_STANDARD = "gnu++14";
				CLANG_CXX_LIBRARY = "libc++";
				CLANG_ENABLE_MODULES = YES;
				CLANG_ENABLE_OBJC_ARC = YES;
				CLANG_ENABLE_OBJC_WEAK = YES;
				CLANG_WARN_BLOCK_CAPTURE_AUTORELEASING = YES;
				CLANG_WARN_BOOL_CONVERSION = YES;
				CLANG_WARN_COMMA = YES;
				CLANG_WARN_CONSTANT_CONVERSION = YES;
				CLANG_WARN_DEPRECATED_OBJC_IMPLEMENTATIONS = YES;
				CLANG_WARN_DIRECT_OBJC_ISA_USAGE = YES_ERROR;
				CLANG_WARN_DOCUMENTATION_COMMENTS = YES;
				CLANG_WARN_EMPTY_BODY = YES;
				CLANG_WARN_ENUM_CONVERSION = YES;
				CLANG_WARN_INFINITE_RECURSION = YES;
				CLANG_WARN_INT_CONVERSION = YES;
				CLANG_WARN_NON_LITERAL_NULL_CONVERSION = YES;
				CLANG_WARN_OBJC_IMPLICIT_RETAIN_SELF = YES;
				CLANG_WARN_OBJC_LITERAL_CONVERSION = YES;
				CLANG_WARN_OBJC_ROOT_CLASS = YES_ERROR;
				CLANG_WARN_QUOTED_INCLUDE_IN_FRAMEWORK_HEADER = YES;
				CLANG_WARN_RANGE_LOOP_ANALYSIS = YES;
				CLANG_WARN_STRICT_PROTOTYPES = YES;
				CLANG_WARN_SUSPICIOUS_MOVE = YES;
				CLANG_WARN_UNGUARDED_AVAILABILITY = YES_AGGRESSIVE;
				CLANG_WARN_UNREACHABLE_CODE = YES;
				CLANG_WARN__DUPLICATE_METHOD_MATCH = YES;
				COPY_PHASE_STRIP = NO;
				DEBUG_INFORMATION_FORMAT = "dwarf-with-dsym";
				ENABLE_NS_ASSERTIONS = NO;
				ENABLE_STRICT_OBJC_MSGSEND = YES;
				GCC_C_LANGUAGE_STANDARD = gnu11;
				GCC_NO_COMMON_BLOCKS = YES;
				GCC_WARN_64_TO_32_BIT_CONVERSION = YES;
				GCC_WARN_ABOUT_RETURN_TYPE = YES_ERROR;
				GCC_WARN_UNDECLARED_SELECTOR = YES;
				GCC_WARN_UNINITIALIZED_AUTOS = YES_AGGRESSIVE;
				GCC_WARN_UNUSED_FUNCTION = YES;
				GCC_WARN_UNUSED_VARIABLE = YES;
				MTL_ENABLE_DEBUG_INFO = NO;
				MTL_FAST_MATH = YES;
				SWIFT_COMPILATION_MODE = wholemodule;
				SWIFT_OPTIMIZATION_LEVEL = "-O";
			};
			name = Release;
		};
		8451C1932589F140006ED99E /* Debug */ = {
			isa = XCBuildConfiguration;
			buildSettings = {
				ASSETCATALOG_COMPILER_APPICON_NAME = AppIcon;
				ASSETCATALOG_COMPILER_GLOBAL_ACCENT_COLOR_NAME = AccentColor;
				CODE_SIGN_STYLE = Automatic;
				DEVELOPMENT_TEAM = YK9XLY7582;
				ENABLE_PREVIEWS = YES;
				INFOPLIST_FILE = iOS/Info.plist;
				IPHONEOS_DEPLOYMENT_TARGET = 14.0;
				LD_RUNPATH_SEARCH_PATHS = (
					"$(inherited)",
					"@executable_path/Frameworks",
				);
				PRODUCT_BUNDLE_IDENTIFIER = "ru.mail.at-mak.Game-of-SET";
				PRODUCT_NAME = "Game of SET";
				SDKROOT = iphoneos;
				SWIFT_VERSION = 5.0;
				TARGETED_DEVICE_FAMILY = "1,2";
			};
			name = Debug;
		};
		8451C1942589F140006ED99E /* Release */ = {
			isa = XCBuildConfiguration;
			buildSettings = {
				ASSETCATALOG_COMPILER_APPICON_NAME = AppIcon;
				ASSETCATALOG_COMPILER_GLOBAL_ACCENT_COLOR_NAME = AccentColor;
				CODE_SIGN_STYLE = Automatic;
				DEVELOPMENT_TEAM = YK9XLY7582;
				ENABLE_PREVIEWS = YES;
				INFOPLIST_FILE = iOS/Info.plist;
				IPHONEOS_DEPLOYMENT_TARGET = 14.0;
				LD_RUNPATH_SEARCH_PATHS = (
					"$(inherited)",
					"@executable_path/Frameworks",
				);
				PRODUCT_BUNDLE_IDENTIFIER = "ru.mail.at-mak.Game-of-SET";
				PRODUCT_NAME = "Game of SET";
				SDKROOT = iphoneos;
				SWIFT_VERSION = 5.0;
				TARGETED_DEVICE_FAMILY = "1,2";
				VALIDATE_PRODUCT = YES;
			};
			name = Release;
		};
/* End XCBuildConfiguration section */

/* Begin XCConfigurationList section */
		8451C1752589F13D006ED99E /* Build configuration list for PBXProject "Game of SET" */ = {
			isa = XCConfigurationList;
			buildConfigurations = (
				8451C1902589F140006ED99E /* Debug */,
				8451C1912589F140006ED99E /* Release */,
			);
			defaultConfigurationIsVisible = 0;
			defaultConfigurationName = Release;
		};
		8451C1922589F140006ED99E /* Build configuration list for PBXNativeTarget "Game of SET (iOS)" */ = {
			isa = XCConfigurationList;
			buildConfigurations = (
				8451C1932589F140006ED99E /* Debug */,
				8451C1942589F140006ED99E /* Release */,
			);
			defaultConfigurationIsVisible = 0;
			defaultConfigurationName = Release;
		};
/* End XCConfigurationList section */
	};
	rootObject = 8451C1722589F13D006ED99E /* Project object */;
}
